// !$*UTF8*$!
{
	archiveVersion = 1;
	classes = {
	};
	objectVersion = 60;
	objects = {

/* Begin PBXBuildFile section */
		AA0000000000000000000100 /* AgentTheme.swift in Sources */ = {isa = PBXBuildFile; fileRef = AA0000000000000000000000 /* AgentTheme.swift */; };
		AA0000000000000000000101 /* AgentPadApp.swift in Sources */ = {isa = PBXBuildFile; fileRef = AA0000000000000000000001 /* AgentPadApp.swift */; };
		AA0000000000000000000102 /* Models.swift in Sources */ = {isa = PBXBuildFile; fileRef = AA0000000000000000000002 /* Models.swift */; };
		AA0000000000000000000103 /* GlassDesign.swift in Sources */ = {isa = PBXBuildFile; fileRef = AA0000000000000000000003 /* GlassDesign.swift */; };
		AA0000000000000000000104 /* KeychainStore.swift in Sources */ = {isa = PBXBuildFile; fileRef = AA0000000000000000000004 /* KeychainStore.swift */; };
		AA0000000000000000000105 /* OpenAIClient.swift in Sources */ = {isa = PBXBuildFile; fileRef = AA0000000000000000000005 /* OpenAIClient.swift */; };
		AA0000000000000000000106 /* AgentRuntime.swift in Sources */ = {isa = PBXBuildFile; fileRef = AA0000000000000000000006 /* AgentRuntime.swift */; };
		AA0000000000000000000107 /* SandboxWorkspace.swift in Sources */ = {isa = PBXBuildFile; fileRef = AA0000000000000000000007 /* SandboxWorkspace.swift */; };
		AA0000000000000000000108 /* CommandRunner.swift in Sources */ = {isa = PBXBuildFile; fileRef = AA0000000000000000000008 /* CommandRunner.swift */; };
		AA0000000000000000000109 /* SandboxToolExecutor.swift in Sources */ = {isa = PBXBuildFile; fileRef = AA0000000000000000000009 /* SandboxToolExecutor.swift */; };
		AA0000000000000000000110 /* AppRootView.swift in Sources */ = {isa = PBXBuildFile; fileRef = AA0000000000000000000010 /* AppRootView.swift */; };
		AA0000000000000000000185 /* ProjectDashboardView.swift in Sources */ = {isa = PBXBuildFile; fileRef = AA0000000000000000000184 /* ProjectDashboardView.swift */; };
		AA0000000000000000000111 /* GlassControls.swift in Sources */ = {isa = PBXBuildFile; fileRef = AA0000000000000000000011 /* GlassControls.swift */; };
		AA0000000000000000000112 /* ChatView.swift in Sources */ = {isa = PBXBuildFile; fileRef = AA0000000000000000000012 /* ChatView.swift */; };
		AA0000000000000000000181 /* ChatMessages.swift in Sources */ = {isa = PBXBuildFile; fileRef = AA0000000000000000000180 /* ChatMessages.swift */; };
		AA0000000000000000000183 /* ChatOnboarding.swift in Sources */ = {isa = PBXBuildFile; fileRef = AA0000000000000000000182 /* ChatOnboarding.swift */; };
		AA0000000000000000000113 /* FilesView.swift in Sources */ = {isa = PBXBuildFile; fileRef = AA0000000000000000000013 /* FilesView.swift */; };
		AA0000000000000000000114 /* RunsView.swift in Sources */ = {isa = PBXBuildFile; fileRef = AA0000000000000000000014 /* RunsView.swift */; };
		AA0000000000000000000115 /* SettingsView.swift in Sources */ = {isa = PBXBuildFile; fileRef = AA0000000000000000000015 /* SettingsView.swift */; };
		AA0000000000000000000171 /* SettingsComponents.swift in Sources */ = {isa = PBXBuildFile; fileRef = AA0000000000000000000170 /* SettingsComponents.swift */; };
		AA0000000000000000000116 /* AIProvider.swift in Sources */ = {isa = PBXBuildFile; fileRef = AA0000000000000000000016 /* AIProvider.swift */; };
		AA0000000000000000000117 /* WorkspaceArtifact.swift in Sources */ = {isa = PBXBuildFile; fileRef = AA0000000000000000000018 /* WorkspaceArtifact.swift */; };
		AA0000000000000000000118 /* ProviderMessageSanitizer.swift in Sources */ = {isa = PBXBuildFile; fileRef = AA0000000000000000000019 /* ProviderMessageSanitizer.swift */; };
		AA0000000000000000000120 /* NovaForgeShortcuts.swift in Sources */ = {isa = PBXBuildFile; fileRef = AA0000000000000000000020 /* NovaForgeShortcuts.swift */; };
		AA0000000000000000000140 /* CodeEditorView.swift in Sources */ = {isa = PBXBuildFile; fileRef = AA0000000000000000000040 /* CodeEditorView.swift */; };
		AA0000000000000000000141 /* TerminalConsoleView.swift in Sources */ = {isa = PBXBuildFile; fileRef = AA0000000000000000000041 /* TerminalConsoleView.swift */; };
		AA0000000000000000000142 /* ChatDrawerView.swift in Sources */ = {isa = PBXBuildFile; fileRef = AA0000000000000000000042 /* ChatDrawerView.swift */; };
		AA0000000000000000000143 /* ArtifactPreviewSheet.swift in Sources */ = {isa = PBXBuildFile; fileRef = AA0000000000000000000043 /* ArtifactPreviewSheet.swift */; };
		AA0000000000000000000144 /* ChatLiveAndToolViews.swift in Sources */ = {isa = PBXBuildFile; fileRef = AA0000000000000000000044 /* ChatLiveAndToolViews.swift */; };
		AA0000000000000000000145 /* LocalModelRuntime.swift in Sources */ = {isa = PBXBuildFile; fileRef = AA0000000000000000000045 /* LocalModelRuntime.swift */; };
		AA0000000000000000000146 /* LocalAgentPlanner.swift in Sources */ = {isa = PBXBuildFile; fileRef = AA0000000000000000000046 /* LocalAgentPlanner.swift */; };
		AA0000000000000000000150 /* Assets.xcassets in Resources */ = {isa = PBXBuildFile; fileRef = AA0000000000000000000050 /* Assets.xcassets */; };
		AA0000000000000000000163 /* SwiftLlama in Frameworks */ = {isa = PBXBuildFile; productRef = AA0000000000000000001602 /* SwiftLlama */; };
		AA0000000000000000000201 /* SandboxWorkspaceTests.swift in Sources */ = {isa = PBXBuildFile; fileRef = AA0000000000000000000021 /* SandboxWorkspaceTests.swift */; };
		AA0000000000000000000202 /* CommandRunnerTests.swift in Sources */ = {isa = PBXBuildFile; fileRef = AA0000000000000000000022 /* CommandRunnerTests.swift */; };
		AA0000000000000000000203 /* SandboxToolExecutorTests.swift in Sources */ = {isa = PBXBuildFile; fileRef = AA0000000000000000000023 /* SandboxToolExecutorTests.swift */; };
		AA0000000000000000000204 /* SandboxWorkspace.swift in Sources */ = {isa = PBXBuildFile; fileRef = AA0000000000000000000007 /* SandboxWorkspace.swift */; };
		AA0000000000000000000205 /* CommandRunner.swift in Sources */ = {isa = PBXBuildFile; fileRef = AA0000000000000000000008 /* CommandRunner.swift */; };
		AA0000000000000000000206 /* SandboxToolExecutor.swift in Sources */ = {isa = PBXBuildFile; fileRef = AA0000000000000000000009 /* SandboxToolExecutor.swift */; };
		AA0000000000000000000207 /* WorkspaceArtifact.swift in Sources */ = {isa = PBXBuildFile; fileRef = AA0000000000000000000018 /* WorkspaceArtifact.swift */; };
		AA0000000000000000000208 /* WorkspaceArtifactTests.swift in Sources */ = {isa = PBXBuildFile; fileRef = AA0000000000000000000024 /* WorkspaceArtifactTests.swift */; };
		AA0000000000000000000209 /* ProviderMessageSanitizerTests.swift in Sources */ = {isa = PBXBuildFile; fileRef = AA0000000000000000000025 /* ProviderMessageSanitizerTests.swift */; };
		AA0000000000000000000210 /* Models.swift in Sources */ = {isa = PBXBuildFile; fileRef = AA0000000000000000000002 /* Models.swift */; };
		AA0000000000000000000211 /* ProviderMessageSanitizer.swift in Sources */ = {isa = PBXBuildFile; fileRef = AA0000000000000000000019 /* ProviderMessageSanitizer.swift */; };
		AA0000000000000000000212 /* AIProvider.swift in Sources */ = {isa = PBXBuildFile; fileRef = AA0000000000000000000016 /* AIProvider.swift */; };
		AA0000000000000000000213 /* GlassDesign.swift in Sources */ = {isa = PBXBuildFile; fileRef = AA0000000000000000000003 /* GlassDesign.swift */; };
		AA0000000000000000000214 /* AgentTheme.swift in Sources */ = {isa = PBXBuildFile; fileRef = AA0000000000000000000000 /* AgentTheme.swift */; };
		AA0000000000000000000215 /* LocalAgentPlannerTests.swift in Sources */ = {isa = PBXBuildFile; fileRef = AA0000000000000000000026 /* LocalAgentPlannerTests.swift */; };
		AA0000000000000000000216 /* LocalAgentPlanner.swift in Sources */ = {isa = PBXBuildFile; fileRef = AA0000000000000000000046 /* LocalAgentPlanner.swift */; };
		AA0000000000000000000217 /* AgentRuntimeLifecycleTests.swift in Sources */ = {isa = PBXBuildFile; fileRef = AA0000000000000000000027 /* AgentRuntimeLifecycleTests.swift */; };
		AA0000000000000000000218 /* AgentRuntime.swift in Sources */ = {isa = PBXBuildFile; fileRef = AA0000000000000000000006 /* AgentRuntime.swift */; };
		AA0000000000000000000219 /* KeychainStore.swift in Sources */ = {isa = PBXBuildFile; fileRef = AA0000000000000000000004 /* KeychainStore.swift */; };
		AA0000000000000000000220 /* OpenAIClient.swift in Sources */ = {isa = PBXBuildFile; fileRef = AA0000000000000000000005 /* OpenAIClient.swift */; };
		AA0000000000000000000221 /* LocalModelRuntime.swift in Sources */ = {isa = PBXBuildFile; fileRef = AA0000000000000000000045 /* LocalModelRuntime.swift */; };
		AA0000000000000000000222 /* OpenAIClientStreamingTests.swift in Sources */ = {isa = PBXBuildFile; fileRef = AA0000000000000000000028 /* OpenAIClientStreamingTests.swift */; };
		AA0000000000000000000223 /* FilesWorkspacePersistenceTests.swift in Sources */ = {isa = PBXBuildFile; fileRef = AA0000000000000000000029 /* FilesWorkspacePersistenceTests.swift */; };
		AA0000000000000000000301 /* AgentPadUITests.swift in Sources */ = {isa = PBXBuildFile; fileRef = AA0000000000000000000031 /* AgentPadUITests.swift */; };
/* End PBXBuildFile section */

/* Begin PBXContainerItemProxy section */
		AA0000000000000000000401 /* PBXContainerItemProxy */ = {
			isa = PBXContainerItemProxy;
			containerPortal = AA0000000000000000000501 /* Project object */;
			proxyType = 1;
			remoteGlobalIDString = AA0000000000000000000601;
			remoteInfo = AgentPad;
		};
		AA0000000000000000000402 /* PBXContainerItemProxy */ = {
			isa = PBXContainerItemProxy;
			containerPortal = AA0000000000000000000501 /* Project object */;
			proxyType = 1;
			remoteGlobalIDString = AA0000000000000000000601;
			remoteInfo = AgentPad;
		};
/* End PBXContainerItemProxy section */

/* Begin PBXFileReference section */
		AA0000000000000000000000 /* AgentTheme.swift */ = {isa = PBXFileReference; lastKnownFileType = sourcecode.swift; path = AgentTheme.swift; sourceTree = "<group>"; };
		AA0000000000000000000001 /* AgentPadApp.swift */ = {isa = PBXFileReference; lastKnownFileType = sourcecode.swift; path = AgentPadApp.swift; sourceTree = "<group>"; };
		AA0000000000000000000002 /* Models.swift */ = {isa = PBXFileReference; lastKnownFileType = sourcecode.swift; path = Models.swift; sourceTree = "<group>"; };
		AA0000000000000000000003 /* GlassDesign.swift */ = {isa = PBXFileReference; lastKnownFileType = sourcecode.swift; path = GlassDesign.swift; sourceTree = "<group>"; };
		AA0000000000000000000004 /* KeychainStore.swift */ = {isa = PBXFileReference; lastKnownFileType = sourcecode.swift; path = KeychainStore.swift; sourceTree = "<group>"; };
		AA0000000000000000000005 /* OpenAIClient.swift */ = {isa = PBXFileReference; lastKnownFileType = sourcecode.swift; path = OpenAIClient.swift; sourceTree = "<group>"; };
		AA0000000000000000000006 /* AgentRuntime.swift */ = {isa = PBXFileReference; lastKnownFileType = sourcecode.swift; path = AgentRuntime.swift; sourceTree = "<group>"; };
		AA0000000000000000000007 /* SandboxWorkspace.swift */ = {isa = PBXFileReference; lastKnownFileType = sourcecode.swift; path = SandboxWorkspace.swift; sourceTree = "<group>"; };
		AA0000000000000000000008 /* CommandRunner.swift */ = {isa = PBXFileReference; lastKnownFileType = sourcecode.swift; path = CommandRunner.swift; sourceTree = "<group>"; };
		AA0000000000000000000009 /* SandboxToolExecutor.swift */ = {isa = PBXFileReference; lastKnownFileType = sourcecode.swift; path = SandboxToolExecutor.swift; sourceTree = "<group>"; };
		AA0000000000000000000010 /* AppRootView.swift */ = {isa = PBXFileReference; lastKnownFileType = sourcecode.swift; path = AppRootView.swift; sourceTree = "<group>"; };
		AA0000000000000000000184 /* ProjectDashboardView.swift */ = {isa = PBXFileReference; lastKnownFileType = sourcecode.swift; path = ProjectDashboardView.swift; sourceTree = "<group>"; };
		AA0000000000000000000011 /* GlassControls.swift */ = {isa = PBXFileReference; lastKnownFileType = sourcecode.swift; path = GlassControls.swift; sourceTree = "<group>"; };
		AA0000000000000000000012 /* ChatView.swift */ = {isa = PBXFileReference; lastKnownFileType = sourcecode.swift; path = ChatView.swift; sourceTree = "<group>"; };
		AA0000000000000000000180 /* ChatMessages.swift */ = {isa = PBXFileReference; lastKnownFileType = sourcecode.swift; path = ChatMessages.swift; sourceTree = "<group>"; };
		AA0000000000000000000182 /* ChatOnboarding.swift */ = {isa = PBXFileReference; lastKnownFileType = sourcecode.swift; path = ChatOnboarding.swift; sourceTree = "<group>"; };
		AA0000000000000000000013 /* FilesView.swift */ = {isa = PBXFileReference; lastKnownFileType = sourcecode.swift; path = FilesView.swift; sourceTree = "<group>"; };
		AA0000000000000000000014 /* RunsView.swift */ = {isa = PBXFileReference; lastKnownFileType = sourcecode.swift; path = RunsView.swift; sourceTree = "<group>"; };
		AA0000000000000000000015 /* SettingsView.swift */ = {isa = PBXFileReference; lastKnownFileType = sourcecode.swift; path = SettingsView.swift; sourceTree = "<group>"; };
		AA0000000000000000000170 /* SettingsComponents.swift */ = {isa = PBXFileReference; lastKnownFileType = sourcecode.swift; path = SettingsComponents.swift; sourceTree = "<group>"; };
		AA0000000000000000000016 /* AIProvider.swift */ = {isa = PBXFileReference; lastKnownFileType = sourcecode.swift; path = AIProvider.swift; sourceTree = "<group>"; };
		AA0000000000000000000017 /* Info.plist */ = {isa = PBXFileReference; lastKnownFileType = text.plist.xml; path = Info.plist; sourceTree = "<group>"; };
		AA0000000000000000000018 /* WorkspaceArtifact.swift */ = {isa = PBXFileReference; lastKnownFileType = sourcecode.swift; path = WorkspaceArtifact.swift; sourceTree = "<group>"; };
		AA0000000000000000000019 /* ProviderMessageSanitizer.swift */ = {isa = PBXFileReference; lastKnownFileType = sourcecode.swift; path = ProviderMessageSanitizer.swift; sourceTree = "<group>"; };
		AA0000000000000000000020 /* NovaForgeShortcuts.swift */ = {isa = PBXFileReference; lastKnownFileType = sourcecode.swift; path = NovaForgeShortcuts.swift; sourceTree = "<group>"; };
		AA0000000000000000000021 /* SandboxWorkspaceTests.swift */ = {isa = PBXFileReference; lastKnownFileType = sourcecode.swift; path = SandboxWorkspaceTests.swift; sourceTree = "<group>"; };
		AA0000000000000000000022 /* CommandRunnerTests.swift */ = {isa = PBXFileReference; lastKnownFileType = sourcecode.swift; path = CommandRunnerTests.swift; sourceTree = "<group>"; };
		AA0000000000000000000023 /* SandboxToolExecutorTests.swift */ = {isa = PBXFileReference; lastKnownFileType = sourcecode.swift; path = SandboxToolExecutorTests.swift; sourceTree = "<group>"; };
		AA0000000000000000000024 /* WorkspaceArtifactTests.swift */ = {isa = PBXFileReference; lastKnownFileType = sourcecode.swift; path = WorkspaceArtifactTests.swift; sourceTree = "<group>"; };
		AA0000000000000000000025 /* ProviderMessageSanitizerTests.swift */ = {isa = PBXFileReference; lastKnownFileType = sourcecode.swift; path = ProviderMessageSanitizerTests.swift; sourceTree = "<group>"; };
		AA0000000000000000000026 /* LocalAgentPlannerTests.swift */ = {isa = PBXFileReference; lastKnownFileType = sourcecode.swift; path = LocalAgentPlannerTests.swift; sourceTree = "<group>"; };
		AA0000000000000000000027 /* AgentRuntimeLifecycleTests.swift */ = {isa = PBXFileReference; lastKnownFileType = sourcecode.swift; path = AgentRuntimeLifecycleTests.swift; sourceTree = "<group>"; };
		AA0000000000000000000028 /* OpenAIClientStreamingTests.swift */ = {isa = PBXFileReference; lastKnownFileType = sourcecode.swift; path = OpenAIClientStreamingTests.swift; sourceTree = "<group>"; };
		AA0000000000000000000029 /* FilesWorkspacePersistenceTests.swift */ = {isa = PBXFileReference; lastKnownFileType = sourcecode.swift; path = FilesWorkspacePersistenceTests.swift; sourceTree = "<group>"; };
		AA0000000000000000000031 /* AgentPadUITests.swift */ = {isa = PBXFileReference; lastKnownFileType = sourcecode.swift; path = AgentPadUITests.swift; sourceTree = "<group>"; };
		AA0000000000000000000040 /* CodeEditorView.swift */ = {isa = PBXFileReference; lastKnownFileType = sourcecode.swift; path = CodeEditorView.swift; sourceTree = "<group>"; };
		AA0000000000000000000041 /* TerminalConsoleView.swift */ = {isa = PBXFileReference; lastKnownFileType = sourcecode.swift; path = TerminalConsoleView.swift; sourceTree = "<group>"; };
		AA0000000000000000000042 /* ChatDrawerView.swift */ = {isa = PBXFileReference; lastKnownFileType = sourcecode.swift; path = ChatDrawerView.swift; sourceTree = "<group>"; };
		AA0000000000000000000043 /* ArtifactPreviewSheet.swift */ = {isa = PBXFileReference; lastKnownFileType = sourcecode.swift; path = ArtifactPreviewSheet.swift; sourceTree = "<group>"; };
		AA0000000000000000000044 /* ChatLiveAndToolViews.swift */ = {isa = PBXFileReference; lastKnownFileType = sourcecode.swift; path = ChatLiveAndToolViews.swift; sourceTree = "<group>"; };
		AA0000000000000000000045 /* LocalModelRuntime.swift */ = {isa = PBXFileReference; lastKnownFileType = sourcecode.swift; path = LocalModelRuntime.swift; sourceTree = "<group>"; };
		AA0000000000000000000046 /* LocalAgentPlanner.swift */ = {isa = PBXFileReference; lastKnownFileType = sourcecode.swift; path = LocalAgentPlanner.swift; sourceTree = "<group>"; };
		AA0000000000000000000050 /* Assets.xcassets */ = {isa = PBXFileReference; lastKnownFileType = folder.assetcatalog; path = Assets.xcassets; sourceTree = "<group>"; };
		AA0000000000000000000701 /* NovaForge.app */ = {isa = PBXFileReference; explicitFileType = wrapper.application; includeInIndex = 0; path = NovaForge.app; sourceTree = BUILT_PRODUCTS_DIR; };
		AA0000000000000000000702 /* AgentPadTests.xctest */ = {isa = PBXFileReference; explicitFileType = wrapper.cfbundle; includeInIndex = 0; path = AgentPadTests.xctest; sourceTree = BUILT_PRODUCTS_DIR; };
		AA0000000000000000000703 /* AgentPadUITests.xctest */ = {isa = PBXFileReference; explicitFileType = wrapper.cfbundle; includeInIndex = 0; path = AgentPadUITests.xctest; sourceTree = BUILT_PRODUCTS_DIR; };
/* End PBXFileReference section */

/* Begin PBXFrameworksBuildPhase section */
		AA0000000000000000000801 /* Frameworks */ = {
			isa = PBXFrameworksBuildPhase;
			buildActionMask = 2147483647;
			files = (
				AA0000000000000000000163 /* SwiftLlama in Frameworks */,
			);
			runOnlyForDeploymentPostprocessing = 0;
		};
		AA0000000000000000000802 /* Frameworks */ = {
			isa = PBXFrameworksBuildPhase;
			buildActionMask = 2147483647;
			files = (
			);
			runOnlyForDeploymentPostprocessing = 0;
		};
		AA0000000000000000000803 /* Frameworks */ = {
			isa = PBXFrameworksBuildPhase;
			buildActionMask = 2147483647;
			files = (
			);
			runOnlyForDeploymentPostprocessing = 0;
		};
/* End PBXFrameworksBuildPhase section */

/* Begin PBXGroup section */
		AA0000000000000000000901 = {
			isa = PBXGroup;
			children = (
				AA0000000000000000000902 /* AgentPad */,
				AA0000000000000000000920 /* AgentPadTests */,
				AA0000000000000000000930 /* AgentPadUITests */,
				AA0000000000000000000940 /* Products */,
			);
			sourceTree = "<group>";
		};
		AA0000000000000000000902 /* AgentPad */ = {
			isa = PBXGroup;
			children = (
				AA0000000000000000000903 /* App */,
				AA0000000000000000000904 /* Design */,
				AA0000000000000000000905 /* Models */,
				AA0000000000000000000906 /* Services */,
				AA0000000000000000000907 /* Tools */,
				AA0000000000000000000908 /* Views */,
			);
			path = AgentPad;
			sourceTree = "<group>";
		};
		AA0000000000000000000903 /* App */ = {
			isa = PBXGroup;
			children = (
				AA0000000000000000000001 /* AgentPadApp.swift */,
				AA0000000000000000000020 /* NovaForgeShortcuts.swift */,
				AA0000000000000000000017 /* Info.plist */,
				AA0000000000000000000050 /* Assets.xcassets */,
			);
			path = App;
			sourceTree = "<group>";
		};
		AA0000000000000000000904 /* Design */ = {
			isa = PBXGroup;
			children = (
				AA0000000000000000000003 /* GlassDesign.swift */,
				AA0000000000000000000000 /* AgentTheme.swift */,
			);
			path = Design;
			sourceTree = "<group>";
		};
		AA0000000000000000000905 /* Models */ = {
			isa = PBXGroup;
			children = (
				AA0000000000000000000002 /* Models.swift */,
			);
			path = Models;
			sourceTree = "<group>";
		};
		AA0000000000000000000906 /* Services */ = {
			isa = PBXGroup;
			children = (
				AA0000000000000000000004 /* KeychainStore.swift */,
				AA0000000000000000000005 /* OpenAIClient.swift */,
				AA0000000000000000000006 /* AgentRuntime.swift */,
				AA0000000000000000000016 /* AIProvider.swift */,
				AA0000000000000000000045 /* LocalModelRuntime.swift */,
				AA0000000000000000000046 /* LocalAgentPlanner.swift */,
				AA0000000000000000000019 /* ProviderMessageSanitizer.swift */,
			);
			path = Services;
			sourceTree = "<group>";
		};
		AA0000000000000000000907 /* Tools */ = {
			isa = PBXGroup;
			children = (
				AA0000000000000000000007 /* SandboxWorkspace.swift */,
				AA0000000000000000000008 /* CommandRunner.swift */,
				AA0000000000000000000009 /* SandboxToolExecutor.swift */,
				AA0000000000000000000018 /* WorkspaceArtifact.swift */,
			);
			path = Tools;
			sourceTree = "<group>";
		};
		AA0000000000000000000908 /* Views */ = {
			isa = PBXGroup;
			children = (
				AA0000000000000000000010 /* AppRootView.swift */,
				AA0000000000000000000184 /* ProjectDashboardView.swift */,
				AA0000000000000000000011 /* GlassControls.swift */,
				AA0000000000000000000012 /* ChatView.swift */,
				AA0000000000000000000180 /* ChatMessages.swift */,
				AA0000000000000000000182 /* ChatOnboarding.swift */,
				AA0000000000000000000013 /* FilesView.swift */,
				AA0000000000000000000014 /* RunsView.swift */,
				AA0000000000000000000015 /* SettingsView.swift */,
				AA0000000000000000000170 /* SettingsComponents.swift */,
				AA0000000000000000000040 /* CodeEditorView.swift */,
				AA0000000000000000000041 /* TerminalConsoleView.swift */,
				AA0000000000000000000042 /* ChatDrawerView.swift */,
				AA0000000000000000000043 /* ArtifactPreviewSheet.swift */,
				AA0000000000000000000044 /* ChatLiveAndToolViews.swift */,
			);
			path = Views;
			sourceTree = "<group>";
		};
		AA0000000000000000000920 /* AgentPadTests */ = {
			isa = PBXGroup;
			children = (
				AA0000000000000000000021 /* SandboxWorkspaceTests.swift */,
				AA0000000000000000000022 /* CommandRunnerTests.swift */,
				AA0000000000000000000023 /* SandboxToolExecutorTests.swift */,
				AA0000000000000000000024 /* WorkspaceArtifactTests.swift */,
				AA0000000000000000000025 /* ProviderMessageSanitizerTests.swift */,
				AA0000000000000000000026 /* LocalAgentPlannerTests.swift */,
				AA0000000000000000000027 /* AgentRuntimeLifecycleTests.swift */,
				AA0000000000000000000028 /* OpenAIClientStreamingTests.swift */,
				AA0000000000000000000029 /* FilesWorkspacePersistenceTests.swift */,
			);
			path = AgentPadTests;
			sourceTree = "<group>";
		};
		AA0000000000000000000930 /* AgentPadUITests */ = {
			isa = PBXGroup;
			children = (
				AA0000000000000000000031 /* AgentPadUITests.swift */,
			);
			path = AgentPadUITests;
			sourceTree = "<group>";
		};
		AA0000000000000000000940 /* Products */ = {
			isa = PBXGroup;
			children = (
				AA0000000000000000000701 /* NovaForge.app */,
				AA0000000000000000000702 /* AgentPadTests.xctest */,
				AA0000000000000000000703 /* AgentPadUITests.xctest */,
			);
			name = Products;
			sourceTree = "<group>";
		};
/* End PBXGroup section */

/* Begin PBXNativeTarget section */
		AA0000000000000000000601 /* AgentPad */ = {
			isa = PBXNativeTarget;
			buildConfigurationList = AA0000000000000000001001 /* Build configuration list for PBXNativeTarget "AgentPad" */;
			buildPhases = (
				AA0000000000000000001101 /* Sources */,
				AA0000000000000000000801 /* Frameworks */,
				AA0000000000000000001201 /* Resources */,
			);
			buildRules = (
			);
			dependencies = (
			);
			name = AgentPad;
			packageProductDependencies = (
				AA0000000000000000001602 /* SwiftLlama */,
			);
			productName = AgentPad;
			productReference = AA0000000000000000000701 /* NovaForge.app */;
			productType = "com.apple.product-type.application";
		};
		AA0000000000000000000602 /* AgentPadTests */ = {
			isa = PBXNativeTarget;
			buildConfigurationList = AA0000000000000000001002 /* Build configuration list for PBXNativeTarget "AgentPadTests" */;
			buildPhases = (
				AA0000000000000000001102 /* Sources */,
				AA0000000000000000000802 /* Frameworks */,
				AA0000000000000000001202 /* Resources */,
			);
			buildRules = (
			);
			dependencies = (
				AA0000000000000000000411 /* PBXTargetDependency */,
			);
			name = AgentPadTests;
			productName = AgentPadTests;
			productReference = AA0000000000000000000702 /* AgentPadTests.xctest */;
			productType = "com.apple.product-type.bundle.unit-test";
		};
		AA0000000000000000000603 /* AgentPadUITests */ = {
			isa = PBXNativeTarget;
			buildConfigurationList = AA0000000000000000001003 /* Build configuration list for PBXNativeTarget "AgentPadUITests" */;
			buildPhases = (
				AA0000000000000000001103 /* Sources */,
				AA0000000000000000000803 /* Frameworks */,
				AA0000000000000000001203 /* Resources */,
			);
			buildRules = (
			);
			dependencies = (
				AA0000000000000000000412 /* PBXTargetDependency */,
			);
			name = AgentPadUITests;
			productName = AgentPadUITests;
			productReference = AA0000000000000000000703 /* AgentPadUITests.xctest */;
			productType = "com.apple.product-type.bundle.ui-testing";
		};
/* End PBXNativeTarget section */

/* Begin PBXProject section */
		AA0000000000000000000501 /* Project object */ = {
			isa = PBXProject;
			attributes = {
				BuildIndependentTargetsInParallel = 1;
				LastSwiftUpdateCheck = 2610;
				LastUpgradeCheck = 2610;
				TargetAttributes = {
					AA0000000000000000000601 = {
						CreatedOnToolsVersion = 26.1.1;
					};
					AA0000000000000000000602 = {
						CreatedOnToolsVersion = 26.1.1;
						TestTargetID = AA0000000000000000000601;
					};
					AA0000000000000000000603 = {
						CreatedOnToolsVersion = 26.1.1;
						TestTargetID = AA0000000000000000000601;
					};
				};
			};
			buildConfigurationList = AA0000000000000000001000 /* Build configuration list for PBXProject "AgentPad" */;
			compatibilityVersion = "Xcode 14.0";
			developmentRegion = en;
			hasScannedForEncodings = 0;
			knownRegions = (
				en,
				Base,
			);
			mainGroup = AA0000000000000000000901;
			packageReferences = (
				AA0000000000000000001601 /* XCLocalSwiftPackageReference "Vendor/swift-llama-cpp" */,
			);
			productRefGroup = AA0000000000000000000940 /* Products */;
			projectDirPath = "";
			projectRoot = "";
			targets = (
				AA0000000000000000000601 /* AgentPad */,
				AA0000000000000000000602 /* AgentPadTests */,
				AA0000000000000000000603 /* AgentPadUITests */,
			);
		};
/* End PBXProject section */

/* Begin PBXResourcesBuildPhase section */
		AA0000000000000000001201 /* Resources */ = {
			isa = PBXResourcesBuildPhase;
			buildActionMask = 2147483647;
			files = (
				AA0000000000000000000150 /* Assets.xcassets in Resources */,
			);
			runOnlyForDeploymentPostprocessing = 0;
		};
		AA0000000000000000001202 /* Resources */ = {
			isa = PBXResourcesBuildPhase;
			buildActionMask = 2147483647;
			files = (
			);
			runOnlyForDeploymentPostprocessing = 0;
		};
		AA0000000000000000001203 /* Resources */ = {
			isa = PBXResourcesBuildPhase;
			buildActionMask = 2147483647;
			files = (
			);
			runOnlyForDeploymentPostprocessing = 0;
		};
/* End PBXResourcesBuildPhase section */

/* Begin PBXSourcesBuildPhase section */
		AA0000000000000000001101 /* Sources */ = {
			isa = PBXSourcesBuildPhase;
			buildActionMask = 2147483647;
			files = (
				AA0000000000000000000101 /* AgentPadApp.swift in Sources */,
				AA0000000000000000000120 /* NovaForgeShortcuts.swift in Sources */,
				AA0000000000000000000102 /* Models.swift in Sources */,
				AA0000000000000000000103 /* GlassDesign.swift in Sources */,
				AA0000000000000000000100 /* AgentTheme.swift in Sources */,
				AA0000000000000000000104 /* KeychainStore.swift in Sources */,
				AA0000000000000000000105 /* OpenAIClient.swift in Sources */,
				AA0000000000000000000106 /* AgentRuntime.swift in Sources */,
				AA0000000000000000000116 /* AIProvider.swift in Sources */,
				AA0000000000000000000118 /* ProviderMessageSanitizer.swift in Sources */,
				AA0000000000000000000107 /* SandboxWorkspace.swift in Sources */,
				AA0000000000000000000108 /* CommandRunner.swift in Sources */,
				AA0000000000000000000109 /* SandboxToolExecutor.swift in Sources */,
				AA0000000000000000000117 /* WorkspaceArtifact.swift in Sources */,
				AA0000000000000000000110 /* AppRootView.swift in Sources */,
				AA0000000000000000000185 /* ProjectDashboardView.swift in Sources */,
				AA0000000000000000000111 /* GlassControls.swift in Sources */,
				AA0000000000000000000112 /* ChatView.swift in Sources */,
				AA0000000000000000000181 /* ChatMessages.swift in Sources */,
				AA0000000000000000000183 /* ChatOnboarding.swift in Sources */,
				AA0000000000000000000113 /* FilesView.swift in Sources */,
				AA0000000000000000000114 /* RunsView.swift in Sources */,
				AA0000000000000000000115 /* SettingsView.swift in Sources */,
				AA0000000000000000000171 /* SettingsComponents.swift in Sources */,
				AA0000000000000000000140 /* CodeEditorView.swift in Sources */,
				AA0000000000000000000141 /* TerminalConsoleView.swift in Sources */,
				AA0000000000000000000142 /* ChatDrawerView.swift in Sources */,
				AA0000000000000000000143 /* ArtifactPreviewSheet.swift in Sources */,
				AA0000000000000000000144 /* ChatLiveAndToolViews.swift in Sources */,
				AA0000000000000000000145 /* LocalModelRuntime.swift in Sources */,
				AA0000000000000000000146 /* LocalAgentPlanner.swift in Sources */,
			);
			runOnlyForDeploymentPostprocessing = 0;
		};
		AA0000000000000000001102 /* Sources */ = {
			isa = PBXSourcesBuildPhase;
			buildActionMask = 2147483647;
			files = (
				AA0000000000000000000201 /* SandboxWorkspaceTests.swift in Sources */,
				AA0000000000000000000202 /* CommandRunnerTests.swift in Sources */,
				AA0000000000000000000203 /* SandboxToolExecutorTests.swift in Sources */,
				AA0000000000000000000204 /* SandboxWorkspace.swift in Sources */,
				AA0000000000000000000205 /* CommandRunner.swift in Sources */,
				AA0000000000000000000206 /* SandboxToolExecutor.swift in Sources */,
				AA0000000000000000000207 /* WorkspaceArtifact.swift in Sources */,
				AA0000000000000000000208 /* WorkspaceArtifactTests.swift in Sources */,
				AA0000000000000000000209 /* ProviderMessageSanitizerTests.swift in Sources */,
				AA0000000000000000000210 /* Models.swift in Sources */,
				AA0000000000000000000211 /* ProviderMessageSanitizer.swift in Sources */,
				AA0000000000000000000212 /* AIProvider.swift in Sources */,
				AA0000000000000000000213 /* GlassDesign.swift in Sources */,
				AA0000000000000000000214 /* AgentTheme.swift in Sources */,
				AA0000000000000000000215 /* LocalAgentPlannerTests.swift in Sources */,
				AA0000000000000000000216 /* LocalAgentPlanner.swift in Sources */,
				AA0000000000000000000217 /* AgentRuntimeLifecycleTests.swift in Sources */,
				AA0000000000000000000218 /* AgentRuntime.swift in Sources */,
				AA0000000000000000000219 /* KeychainStore.swift in Sources */,
				AA0000000000000000000220 /* OpenAIClient.swift in Sources */,
				AA0000000000000000000221 /* LocalModelRuntime.swift in Sources */,
				AA0000000000000000000222 /* OpenAIClientStreamingTests.swift in Sources */,
				AA0000000000000000000223 /* FilesWorkspacePersistenceTests.swift in Sources */,
			);
			runOnlyForDeploymentPostprocessing = 0;
		};
		AA0000000000000000001103 /* Sources */ = {
			isa = PBXSourcesBuildPhase;
			buildActionMask = 2147483647;
			files = (
				AA0000000000000000000301 /* AgentPadUITests.swift in Sources */,
			);
			runOnlyForDeploymentPostprocessing = 0;
		};
/* End PBXSourcesBuildPhase section */

/* Begin PBXTargetDependency section */
		AA0000000000000000000411 /* PBXTargetDependency */ = {
			isa = PBXTargetDependency;
			target = AA0000000000000000000601 /* AgentPad */;
			targetProxy = AA0000000000000000000401 /* PBXContainerItemProxy */;
		};
		AA0000000000000000000412 /* PBXTargetDependency */ = {
			isa = PBXTargetDependency;
			target = AA0000000000000000000601 /* AgentPad */;
			targetProxy = AA0000000000000000000402 /* PBXContainerItemProxy */;
		};
/* End PBXTargetDependency section */

/* Begin XCBuildConfiguration section */
		AA0000000000000000001301 /* Debug */ = {
			isa = XCBuildConfiguration;
			buildSettings = {
				ALWAYS_SEARCH_USER_PATHS = NO;
				CLANG_ANALYZER_NONNULL = YES;
				CLANG_ANALYZER_NUMBER_OBJECT_CONVERSION = YES_AGGRESSIVE;
				CLANG_CXX_LANGUAGE_STANDARD = "gnu++20";
				CLANG_ENABLE_MODULES = YES;
				CLANG_ENABLE_OBJC_ARC = YES;
				CLANG_ENABLE_OBJC_WEAK = YES;
				CLANG_WARN_BLOCK_CAPTURE_AUTORELEASING = YES;
				CLANG_WARN_BOOL_CONVERSION = YES;
				CLANG_WARN_COMMA = YES;
				CLANG_WARN_CONSTANT_CONVERSION = YES;
				CLANG_WARN_DEPRECATED_OBJC_IMPLEMENTATIONS = YES;
				CLANG_WARN_DIRECT_OBJC_ISA_USAGE = YES_ERROR;
				CLANG_WARN_DOCUMENTATION_COMMENTS = YES;
				CLANG_WARN_EMPTY_BODY = YES;
				CLANG_WARN_ENUM_CONVERSION = YES;
				CLANG_WARN_INFINITE_RECURSION = YES;
				CLANG_WARN_INT_CONVERSION = YES;
				CLANG_WARN_NON_LITERAL_NULL_CONVERSION = YES;
				CLANG_WARN_OBJC_IMPLICIT_RETAIN_SELF = YES;
				CLANG_WARN_OBJC_LITERAL_CONVERSION = YES;
				CLANG_WARN_OBJC_ROOT_CLASS = YES_ERROR;
				CLANG_WARN_QUOTED_INCLUDE_IN_FRAMEWORK_HEADER = YES;
				CLANG_WARN_RANGE_LOOP_ANALYSIS = YES;
				CLANG_WARN_STRICT_PROTOTYPES = YES;
				CLANG_WARN_SUSPICIOUS_MOVE = YES;
				CLANG_WARN_UNGUARDED_AVAILABILITY = YES_AGGRESSIVE;
				CLANG_WARN_UNREACHABLE_CODE = YES;
				CLANG_WARN__DUPLICATE_METHOD_MATCH = YES;
				COPY_PHASE_STRIP = NO;
				DEBUG_INFORMATION_FORMAT = dwarf;
				ENABLE_STRICT_OBJC_MSGSEND = YES;
				ENABLE_TESTABILITY = YES;
				GCC_C_LANGUAGE_STANDARD = gnu17;
				GCC_DYNAMIC_NO_PIC = NO;
				GCC_NO_COMMON_BLOCKS = YES;
				GCC_OPTIMIZATION_LEVEL = 0;
				GCC_PREPROCESSOR_DEFINITIONS = (
					"DEBUG=1",
					"$(inherited)",
				);
				GCC_WARN_64_TO_32_BIT_CONVERSION = YES;
				GCC_WARN_ABOUT_RETURN_TYPE = YES_ERROR;
				GCC_WARN_UNDECLARED_SELECTOR = YES;
				GCC_WARN_UNINITIALIZED_AUTOS = YES_AGGRESSIVE;
				GCC_WARN_UNUSED_FUNCTION = YES;
				GCC_WARN_UNUSED_VARIABLE = YES;
				IPHONEOS_DEPLOYMENT_TARGET = 26.0;
				MTL_ENABLE_DEBUG_INFO = INCLUDE_SOURCE;
				MTL_FAST_MATH = YES;
				ONLY_ACTIVE_ARCH = YES;
				SDKROOT = iphoneos;
				SWIFT_ACTIVE_COMPILATION_CONDITIONS = DEBUG;
				SWIFT_OPTIMIZATION_LEVEL = "-Onone";
			};
			name = Debug;
		};
		AA0000000000000000001302 /* Release */ = {
			isa = XCBuildConfiguration;
			buildSettings = {
				ALWAYS_SEARCH_USER_PATHS = NO;
				CLANG_ANALYZER_NONNULL = YES;
				CLANG_ANALYZER_NUMBER_OBJECT_CONVERSION = YES_AGGRESSIVE;
				CLANG_CXX_LANGUAGE_STANDARD = "gnu++20";
				CLANG_ENABLE_MODULES = YES;
				CLANG_ENABLE_OBJC_ARC = YES;
				CLANG_ENABLE_OBJC_WEAK = YES;
				CLANG_WARN_BLOCK_CAPTURE_AUTORELEASING = YES;
				CLANG_WARN_BOOL_CONVERSION = YES;
				CLANG_WARN_COMMA = YES;
				CLANG_WARN_CONSTANT_CONVERSION = YES;
				CLANG_WARN_DEPRECATED_OBJC_IMPLEMENTATIONS = YES;
				CLANG_WARN_DIRECT_OBJC_ISA_USAGE = YES_ERROR;
				CLANG_WARN_DOCUMENTATION_COMMENTS = YES;
				CLANG_WARN_EMPTY_BODY = YES;
				CLANG_WARN_ENUM_CONVERSION = YES;
				CLANG_WARN_INFINITE_RECURSION = YES;
				CLANG_WARN_INT_CONVERSION = YES;
				CLANG_WARN_NON_LITERAL_NULL_CONVERSION = YES;
				CLANG_WARN_OBJC_IMPLICIT_RETAIN_SELF = YES;
				CLANG_WARN_OBJC_LITERAL_CONVERSION = YES;
				CLANG_WARN_OBJC_ROOT_CLASS = YES_ERROR;
				CLANG_WARN_QUOTED_INCLUDE_IN_FRAMEWORK_HEADER = YES;
				CLANG_WARN_RANGE_LOOP_ANALYSIS = YES;
				CLANG_WARN_STRICT_PROTOTYPES = YES;
				CLANG_WARN_SUSPICIOUS_MOVE = YES;
				CLANG_WARN_UNGUARDED_AVAILABILITY = YES_AGGRESSIVE;
				CLANG_WARN_UNREACHABLE_CODE = YES;
				CLANG_WARN__DUPLICATE_METHOD_MATCH = YES;
				COPY_PHASE_STRIP = NO;
				DEBUG_INFORMATION_FORMAT = "dwarf-with-dsym";
				ENABLE_NS_ASSERTIONS = NO;
				ENABLE_STRICT_OBJC_MSGSEND = YES;
				GCC_C_LANGUAGE_STANDARD = gnu17;
				GCC_NO_COMMON_BLOCKS = YES;
				GCC_WARN_64_TO_32_BIT_CONVERSION = YES;
				GCC_WARN_ABOUT_RETURN_TYPE = YES_ERROR;
				GCC_WARN_UNDECLARED_SELECTOR = YES;
				GCC_WARN_UNINITIALIZED_AUTOS = YES_AGGRESSIVE;
				GCC_WARN_UNUSED_FUNCTION = YES;
				GCC_WARN_UNUSED_VARIABLE = YES;
				IPHONEOS_DEPLOYMENT_TARGET = 26.0;
				MTL_ENABLE_DEBUG_INFO = NO;
				MTL_FAST_MATH = YES;
				SDKROOT = iphoneos;
				SWIFT_COMPILATION_MODE = wholemodule;
				VALIDATE_PRODUCT = YES;
			};
			name = Release;
		};
		AA0000000000000000001311 /* Debug */ = {
			isa = XCBuildConfiguration;
			buildSettings = {
				ASSETCATALOG_COMPILER_APPICON_NAME = AppIcon;
				CODE_SIGNING_ALLOWED = YES;
				CODE_SIGN_STYLE = Automatic;
				DEVELOPMENT_ASSET_PATHS = "";
				DEVELOPMENT_TEAM = 93MYZUV85K;
				ENABLE_DEBUG_DYLIB = NO;
				GENERATE_INFOPLIST_FILE = NO;
				INFOPLIST_FILE = AgentPad/App/Info.plist;
				IPHONEOS_DEPLOYMENT_TARGET = 26.0;
				LD_RUNPATH_SEARCH_PATHS = (
					"$(inherited)",
					"@executable_path/Frameworks",
				);
				MARKETING_VERSION = 1.0;
				PRODUCT_BUNDLE_IDENTIFIER = com.joey.NovaForge;
				PRODUCT_NAME = NovaForge;
				SUPPORTED_PLATFORMS = "iphoneos iphonesimulator";
				SUPPORTS_MACCATALYST = NO;
				SWIFT_EMIT_LOC_STRINGS = YES;
				SWIFT_VERSION = 6.2;
				TARGETED_DEVICE_FAMILY = "1,2";
			};
			name = Debug;
		};
		AA0000000000000000001312 /* Release */ = {
			isa = XCBuildConfiguration;
			buildSettings = {
				ASSETCATALOG_COMPILER_APPICON_NAME = AppIcon;
				CODE_SIGNING_ALLOWED = YES;
				CODE_SIGN_STYLE = Automatic;
				DEVELOPMENT_ASSET_PATHS = "";
				DEVELOPMENT_TEAM = 93MYZUV85K;
				ENABLE_DEBUG_DYLIB = NO;
				GENERATE_INFOPLIST_FILE = NO;
				INFOPLIST_FILE = AgentPad/App/Info.plist;
				IPHONEOS_DEPLOYMENT_TARGET = 26.0;
				LD_RUNPATH_SEARCH_PATHS = (
					"$(inherited)",
					"@executable_path/Frameworks",
				);
				MARKETING_VERSION = 1.0;
				PRODUCT_BUNDLE_IDENTIFIER = com.joey.NovaForge;
				PRODUCT_NAME = NovaForge;
				SUPPORTED_PLATFORMS = "iphoneos iphonesimulator";
				SUPPORTS_MACCATALYST = NO;
				SWIFT_EMIT_LOC_STRINGS = YES;
				SWIFT_VERSION = 6.2;
				TARGETED_DEVICE_FAMILY = "1,2";
			};
			name = Release;
		};
		AA0000000000000000001321 /* Debug */ = {
			isa = XCBuildConfiguration;
			buildSettings = {
				BUNDLE_LOADER = "$(TEST_HOST)";
				CODE_SIGNING_ALLOWED = YES;
				CODE_SIGN_STYLE = Automatic;
				DEVELOPMENT_TEAM = 93MYZUV85K;
				GENERATE_INFOPLIST_FILE = YES;
				IPHONEOS_DEPLOYMENT_TARGET = 26.0;
				LD_RUNPATH_SEARCH_PATHS = (
					"$(inherited)",
					"@executable_path/Frameworks",
					"@loader_path/Frameworks",
				);
				PRODUCT_BUNDLE_IDENTIFIER = com.joey.NovaForgeTests;
				PRODUCT_NAME = "$(TARGET_NAME)";
				SUPPORTED_PLATFORMS = "iphoneos iphonesimulator";
				SWIFT_VERSION = 6.2;
				TARGETED_DEVICE_FAMILY = "1,2";
				TEST_HOST = "$(BUILT_PRODUCTS_DIR)/NovaForge.app/$(BUNDLE_EXECUTABLE_FOLDER_PATH)/NovaForge";
			};
			name = Debug;
		};
		AA0000000000000000001322 /* Release */ = {
			isa = XCBuildConfiguration;
			buildSettings = {
				BUNDLE_LOADER = "$(TEST_HOST)";
				CODE_SIGNING_ALLOWED = YES;
				CODE_SIGN_STYLE = Automatic;
				DEVELOPMENT_TEAM = 93MYZUV85K;
				GENERATE_INFOPLIST_FILE = YES;
				IPHONEOS_DEPLOYMENT_TARGET = 26.0;
				LD_RUNPATH_SEARCH_PATHS = (
					"$(inherited)",
					"@executable_path/Frameworks",
					"@loader_path/Frameworks",
				);
				PRODUCT_BUNDLE_IDENTIFIER = com.joey.NovaForgeTests;
				PRODUCT_NAME = "$(TARGET_NAME)";
				SUPPORTED_PLATFORMS = "iphoneos iphonesimulator";
				SWIFT_VERSION = 6.2;
				TARGETED_DEVICE_FAMILY = "1,2";
				TEST_HOST = "$(BUILT_PRODUCTS_DIR)/NovaForge.app/$(BUNDLE_EXECUTABLE_FOLDER_PATH)/NovaForge";
			};
			name = Release;
		};
		AA0000000000000000001331 /* Debug */ = {
			isa = XCBuildConfiguration;
			buildSettings = {
				CODE_SIGNING_ALLOWED = NO;
				GENERATE_INFOPLIST_FILE = YES;
				IPHONEOS_DEPLOYMENT_TARGET = 26.0;
				LD_RUNPATH_SEARCH_PATHS = (
					"$(inherited)",
					"@executable_path/Frameworks",
					"@loader_path/Frameworks",
				);
				PRODUCT_BUNDLE_IDENTIFIER = com.joey.NovaForgeUITests;
				PRODUCT_NAME = "$(TARGET_NAME)";
				SUPPORTED_PLATFORMS = "iphoneos iphonesimulator";
				SWIFT_VERSION = 6.2;
				TARGETED_DEVICE_FAMILY = "1,2";
				TEST_TARGET_NAME = AgentPad;
			};
			name = Debug;
		};
		AA0000000000000000001332 /* Release */ = {
			isa = XCBuildConfiguration;
			buildSettings = {
				CODE_SIGNING_ALLOWED = NO;
				GENERATE_INFOPLIST_FILE = YES;
				IPHONEOS_DEPLOYMENT_TARGET = 26.0;
				LD_RUNPATH_SEARCH_PATHS = (
					"$(inherited)",
					"@executable_path/Frameworks",
					"@loader_path/Frameworks",
				);
				PRODUCT_BUNDLE_IDENTIFIER = com.joey.NovaForgeUITests;
				PRODUCT_NAME = "$(TARGET_NAME)";
				SUPPORTED_PLATFORMS = "iphoneos iphonesimulator";
				SWIFT_VERSION = 6.2;
				TARGETED_DEVICE_FAMILY = "1,2";
				TEST_TARGET_NAME = AgentPad;
			};
			name = Release;
		};
/* End XCBuildConfiguration section */

/* Begin XCConfigurationList section */
		AA0000000000000000001000 /* Build configuration list for PBXProject "AgentPad" */ = {
			isa = XCConfigurationList;
			buildConfigurations = (
				AA0000000000000000001301 /* Debug */,
				AA0000000000000000001302 /* Release */,
			);
			defaultConfigurationIsVisible = 0;
			defaultConfigurationName = Release;
		};
		AA0000000000000000001001 /* Build configuration list for PBXNativeTarget "AgentPad" */ = {
			isa = XCConfigurationList;
			buildConfigurations = (
				AA0000000000000000001311 /* Debug */,
				AA0000000000000000001312 /* Release */,
			);
			defaultConfigurationIsVisible = 0;
			defaultConfigurationName = Release;
		};
		AA0000000000000000001002 /* Build configuration list for PBXNativeTarget "AgentPadTests" */ = {
			isa = XCConfigurationList;
			buildConfigurations = (
				AA0000000000000000001321 /* Debug */,
				AA0000000000000000001322 /* Release */,
			);
			defaultConfigurationIsVisible = 0;
			defaultConfigurationName = Release;
		};
		AA0000000000000000001003 /* Build configuration list for PBXNativeTarget "AgentPadUITests" */ = {
			isa = XCConfigurationList;
			buildConfigurations = (
				AA0000000000000000001331 /* Debug */,
				AA0000000000000000001332 /* Release */,
			);
			defaultConfigurationIsVisible = 0;
			defaultConfigurationName = Release;
		};
/* End XCConfigurationList section */

/* Begin XCLocalSwiftPackageReference section */
		AA0000000000000000001601 /* XCLocalSwiftPackageReference "Vendor/swift-llama-cpp" */ = {
			isa = XCLocalSwiftPackageReference;
			relativePath = "Vendor/swift-llama-cpp";
		};
/* End XCLocalSwiftPackageReference section */

/* Begin XCSwiftPackageProductDependency section */
		AA0000000000000000001602 /* SwiftLlama */ = {
			isa = XCSwiftPackageProductDependency;
			package = AA0000000000000000001601 /* XCLocalSwiftPackageReference "Vendor/swift-llama-cpp" */;
			productName = SwiftLlama;
		};
/* End XCSwiftPackageProductDependency section */
	};
	rootObject = AA0000000000000000000501 /* Project object */;
}
